
Microsoft Visual Studio Solution File, Format Version 12.00
# Visual Studio Version 17
VisualStudioVersion = 17.14.36511.14 d17.14
MinimumVisualStudioVersion = 10.0.40219.1
Project("{FAE04EC0-301F-11D3-BF4B-00C04F79EFBC}") = "Zenkoi.API", "Zenkoi.API\Zenkoi.API.csproj", "{49FE6A1D-AE85-4AA9-B98E-D9CE53EA4EA8}"
EndProject
Project("{FAE04EC0-301F-11D3-BF4B-00C04F79EFBC}") = "Zenkoi.BLL", "Zenkoi.BLL\Zenkoi.BLL.csproj", "{4FCD6A1C-B8F8-49F6-B597-B457C88AAB7B}"
EndProject
Project("{FAE04EC0-301F-11D3-BF4B-00C04F79EFBC}") = "Zenkoi.DAL", "Zenkoi.DAL\Zenkoi.DAL.csproj", "{6D59EE09-1E64-4C90-98F7-711EF9C32013}"
EndProject
Global
	GlobalSection(SolutionConfigurationPlatforms) = preSolution
		Debug|Any CPU = Debug|Any CPU
		Release|Any CPU = Release|Any CPU
	EndGlobalSection
	GlobalSection(ProjectConfigurationPlatforms) = postSolution
		{49FE6A1D-AE85-4AA9-B98E-D9CE53EA4EA8}.Debug|Any CPU.ActiveCfg = Debug|Any CPU
		{49FE6A1D-AE85-4AA9-B98E-D9CE53EA4EA8}.Debug|Any CPU.Build.0 = Debug|Any CPU
		{49FE6A1D-AE85-4AA9-B98E-D9CE53EA4EA8}.Release|Any CPU.ActiveCfg = Release|Any CPU
		{49FE6A1D-AE85-4AA9-B98E-D9CE53EA4EA8}.Release|Any CPU.Build.0 = Release|Any CPU
		{4FCD6A1C-B8F8-49F6-B597-B457C88AAB7B}.Debug|Any CPU.ActiveCfg = Debug|Any CPU
		{4FCD6A1C-B8F8-49F6-B597-B457C88AAB7B}.Debug|Any CPU.Build.0 = Debug|Any CPU
		{4FCD6A1C-B8F8-49F6-B597-B457C88AAB7B}.Release|Any CPU.ActiveCfg = Release|Any CPU
		{4FCD6A1C-B8F8-49F6-B597-B457C88AAB7B}.Release|Any CPU.Build.0 = Release|Any CPU
		{6D59EE09-1E64-4C90-98F7-711EF9C32013}.Debug|Any CPU.ActiveCfg = Debug|Any CPU
		{6D59EE09-1E64-4C90-98F7-711EF9C32013}.Debug|Any CPU.Build.0 = Debug|Any CPU
		{6D59EE09-1E64-4C90-98F7-711EF9C32013}.Release|Any CPU.ActiveCfg = Release|Any CPU
		{6D59EE09-1E64-4C90-98F7-711EF9C32013}.Release|Any CPU.Build.0 = Release|Any CPU
	EndGlobalSection
	GlobalSection(SolutionProperties) = preSolution
		HideSolutionNode = FALSE
	EndGlobalSection
	GlobalSection(ExtensibilityGlobals) = postSolution
		SolutionGuid = {64253A55-1493-4E1F-9A6D-64AAF61D3A90}
	EndGlobalSection
EndGlobal
